
Microsoft Visual Studio Solution File, Format Version 12.00
Project("{FAE04EC0-301F-11D3-BF4B-00C04F79EFBC}") = "AAUParkingService", "AAUParkingService\AAUParkingService.csproj", "{ECBC373B-61AE-4B25-B93B-B45DC009F814}"
EndProject
Project("{2150E333-8FDC-42A3-9474-1A3956D46DE8}") = "Solution Items", "Solution Items", "{941661BB-3994-4C2C-9973-C26BF9DDE67A}"
	ProjectSection(SolutionItems) = preProject
		compose.yaml = compose.yaml
		README.md = README.md
	EndProjectSection
EndProject
Global
	GlobalSection(SolutionConfigurationPlatforms) = preSolution
		Debug|Any CPU = Debug|Any CPU
		Release|Any CPU = Release|Any CPU
	EndGlobalSection
	GlobalSection(ProjectConfigurationPlatforms) = postSolution
		{ECBC373B-61AE-4B25-B93B-B45DC009F814}.Debug|Any CPU.ActiveCfg = Debug|Any CPU
		{ECBC373B-61AE-4B25-B93B-B45DC009F814}.Debug|Any CPU.Build.0 = Debug|Any CPU
		{ECBC373B-61AE-4B25-B93B-B45DC009F814}.Release|Any CPU.ActiveCfg = Release|Any CPU
		{ECBC373B-61AE-4B25-B93B-B45DC009F814}.Release|Any CPU.Build.0 = Release|Any CPU
	EndGlobalSection
EndGlobal
